
Microsoft Visual Studio Solution File, Format Version 12.00
# Visual Studio Version 17
VisualStudioVersion = 17.13.35828.75 d17.13
MinimumVisualStudioVersion = 10.0.40219.1
Project("{FAE04EC0-301F-11D3-BF4B-00C04F79EFBC}") = "Observy", "Observy\Observy.csproj", "{FE3D66FA-210C-4D0F-A9A5-B9CD461B8B1B}"
EndProject
Global
	GlobalSection(SolutionConfigurationPlatforms) = preSolution
		Debug|Any CPU = Debug|Any CPU
		Release|Any CPU = Release|Any CPU
	EndGlobalSection
	GlobalSection(ProjectConfigurationPlatforms) = postSolution
		{FE3D66FA-210C-4D0F-A9A5-B9CD461B8B1B}.Debug|Any CPU.ActiveCfg = Debug|Any CPU
		{FE3D66FA-210C-4D0F-A9A5-B9CD461B8B1B}.Debug|Any CPU.Build.0 = Debug|Any CPU
		{FE3D66FA-210C-4D0F-A9A5-B9CD461B8B1B}.Release|Any CPU.ActiveCfg = Release|Any CPU
		{FE3D66FA-210C-4D0F-A9A5-B9CD461B8B1B}.Release|Any CPU.Build.0 = Release|Any CPU
	EndGlobalSection
	GlobalSection(SolutionProperties) = preSolution
		HideSolutionNode = FALSE
	EndGlobalSection
	GlobalSection(ExtensibilityGlobals) = postSolution
		SolutionGuid = {7C759302-DEE9-4686-9B90-7913FFB26820}
	EndGlobalSection
EndGlobal
